// !$*UTF8*$!
{
	archiveVersion = 1;
	classes = {
	};
	objectVersion = 51;
	objects = {

/* Begin PBXBuildFile section */
		187CC22E26FE222400B714C9 /* AppDelegate.swift in Sources */ = {isa = PBXBuildFile; fileRef = 187CC22D26FE222400B714C9 /* AppDelegate.swift */; };
		187CC23026FE222400B714C9 /* SceneDelegate.swift in Sources */ = {isa = PBXBuildFile; fileRef = 187CC22F26FE222400B714C9 /* SceneDelegate.swift */; };
		187CC23226FE222400B714C9 /* ViewController.swift in Sources */ = {isa = PBXBuildFile; fileRef = 187CC23126FE222400B714C9 /* ViewController.swift */; };
		187CC23526FE222400B714C9 /* Main.storyboard in Resources */ = {isa = PBXBuildFile; fileRef = 187CC23326FE222400B714C9 /* Main.storyboard */; };
		187CC23726FE222500B714C9 /* Assets.xcassets in Resources */ = {isa = PBXBuildFile; fileRef = 187CC23626FE222500B714C9 /* Assets.xcassets */; };
		187CC23A26FE222500B714C9 /* LaunchScreen.storyboard in Resources */ = {isa = PBXBuildFile; fileRef = 187CC23826FE222500B714C9 /* LaunchScreen.storyboard */; };
		187CC24F26FE23AE00B714C9 /* AFManager.swift in Sources */ = {isa = PBXBuildFile; fileRef = 187CC24E26FE23AE00B714C9 /* AFManager.swift */; };
		A06942054FE2C395BA99293A /* Pods_VitraCashiOSDemo.framework in Frameworks */ = {isa = PBXBuildFile; fileRef = 34A19305198F140EE176729D /* Pods_VitraCashiOSDemo.framework */; };
/* End PBXBuildFile section */

/* Begin PBXFileReference section */
		187CC22A26FE222400B714C9 /* VitraCashiOSDemo.app */ = {isa = PBXFileReference; explicitFileType = wrapper.application; includeInIndex = 0; path = VitraCashiOSDemo.app; sourceTree = BUILT_PRODUCTS_DIR; };
		187CC22D26FE222400B714C9 /* AppDelegate.swift */ = {isa = PBXFileReference; lastKnownFileType = sourcecode.swift; path = AppDelegate.swift; sourceTree = "<group>"; };
		187CC22F26FE222400B714C9 /* SceneDelegate.swift */ = {isa = PBXFileReference; lastKnownFileType = sourcecode.swift; path = SceneDelegate.swift; sourceTree = "<group>"; };
		187CC23126FE222400B714C9 /* ViewController.swift */ = {isa = PBXFileReference; lastKnownFileType = sourcecode.swift; path = ViewController.swift; sourceTree = "<group>"; };
		187CC23426FE222400B714C9 /* Base */ = {isa = PBXFileReference; lastKnownFileType = file.storyboard; name = Base; path = Base.lproj/Main.storyboard; sourceTree = "<group>"; };
		187CC23626FE222500B714C9 /* Assets.xcassets */ = {isa = PBXFileReference; lastKnownFileType = folder.assetcatalog; path = Assets.xcassets; sourceTree = "<group>"; };
		187CC23926FE222500B714C9 /* Base */ = {isa = PBXFileReference; lastKnownFileType = file.storyboard; name = Base; path = Base.lproj/LaunchScreen.storyboard; sourceTree = "<group>"; };
		187CC23B26FE222500B714C9 /* Info.plist */ = {isa = PBXFileReference; lastKnownFileType = text.plist.xml; path = Info.plist; sourceTree = "<group>"; };
		187CC24E26FE23AE00B714C9 /* AFManager.swift */ = {isa = PBXFileReference; lastKnownFileType = sourcecode.swift; path = AFManager.swift; sourceTree = "<group>"; };
		34A19305198F140EE176729D /* Pods_VitraCashiOSDemo.framework */ = {isa = PBXFileReference; explicitFileType = wrapper.framework; includeInIndex = 0; path = Pods_VitraCashiOSDemo.framework; sourceTree = BUILT_PRODUCTS_DIR; };
		98F31FFF0E4C82400BBC6151 /* Pods-VitraCashiOSDemo.debug.xcconfig */ = {isa = PBXFileReference; includeInIndex = 1; lastKnownFileType = text.xcconfig; name = "Pods-VitraCashiOSDemo.debug.xcconfig"; path = "Target Support Files/Pods-VitraCashiOSDemo/Pods-VitraCashiOSDemo.debug.xcconfig"; sourceTree = "<group>"; };
		D3948CF81D59FBE332AF07A2 /* Pods-VitraCashiOSDemo.release.xcconfig */ = {isa = PBXFileReference; includeInIndex = 1; lastKnownFileType = text.xcconfig; name = "Pods-VitraCashiOSDemo.release.xcconfig"; path = "Target Support Files/Pods-VitraCashiOSDemo/Pods-VitraCashiOSDemo.release.xcconfig"; sourceTree = "<group>"; };
/* End PBXFileReference section */

/* Begin PBXFrameworksBuildPhase section */
		187CC22726FE222400B714C9 /* Frameworks */ = {
			isa = PBXFrameworksBuildPhase;
			buildActionMask = 2147483647;
			files = (
				A06942054FE2C395BA99293A /* Pods_VitraCashiOSDemo.framework in Frameworks */,
			);
			runOnlyForDeploymentPostprocessing = 0;
		};
/* End PBXFrameworksBuildPhase section */

/* Begin PBXGroup section */
		187CC22126FE222300B714C9 = {
			isa = PBXGroup;
			children = (
				187CC22C26FE222400B714C9 /* VitraCashiOSDemo */,
				187CC22B26FE222400B714C9 /* Products */,
				DB1CBA8EA4234B17CB1F1606 /* Pods */,
				D206031A76F10ADF85815004 /* Frameworks */,
			);
			sourceTree = "<group>";
		};
		187CC22B26FE222400B714C9 /* Products */ = {
			isa = PBXGroup;
			children = (
				187CC22A26FE222400B714C9 /* VitraCashiOSDemo.app */,
			);
			name = Products;
			sourceTree = "<group>";
		};
		187CC22C26FE222400B714C9 /* VitraCashiOSDemo */ = {
			isa = PBXGroup;
			children = (
				187CC24B26FE233200B714C9 /* Application */,
				187CC24926FE231700B714C9 /* Models */,
				187CC24D26FE234100B714C9 /* Controller */,
				187CC24C26FE233C00B714C9 /* View */,
				187CC24826FE230900B714C9 /* Shared */,
				187CC24A26FE232200B714C9 /* Networking */,
				187CC23626FE222500B714C9 /* Assets.xcassets */,
				187CC23B26FE222500B714C9 /* Info.plist */,
			);
			path = VitraCashiOSDemo;
			sourceTree = "<group>";
		};
		187CC24826FE230900B714C9 /* Shared */ = {
			isa = PBXGroup;
			children = (
			);
			path = Shared;
			sourceTree = "<group>";
		};
		187CC24926FE231700B714C9 /* Models */ = {
			isa = PBXGroup;
			children = (
			);
			path = Models;
			sourceTree = "<group>";
		};
		187CC24A26FE232200B714C9 /* Networking */ = {
			isa = PBXGroup;
			children = (
				187CC24E26FE23AE00B714C9 /* AFManager.swift */,
			);
			path = Networking;
			sourceTree = "<group>";
		};
		187CC24B26FE233200B714C9 /* Application */ = {
			isa = PBXGroup;
			children = (
				187CC22D26FE222400B714C9 /* AppDelegate.swift */,
				187CC22F26FE222400B714C9 /* SceneDelegate.swift */,
			);
			path = Application;
			sourceTree = "<group>";
		};
		187CC24C26FE233C00B714C9 /* View */ = {
			isa = PBXGroup;
			children = (
				187CC23826FE222500B714C9 /* LaunchScreen.storyboard */,
				187CC23326FE222400B714C9 /* Main.storyboard */,
			);
			path = View;
			sourceTree = "<group>";
		};
		187CC24D26FE234100B714C9 /* Controller */ = {
			isa = PBXGroup;
			children = (
				187CC23126FE222400B714C9 /* ViewController.swift */,
			);
			path = Controller;
			sourceTree = "<group>";
		};
		D206031A76F10ADF85815004 /* Frameworks */ = {
			isa = PBXGroup;
			children = (
				34A19305198F140EE176729D /* Pods_VitraCashiOSDemo.framework */,
			);
			name = Frameworks;
			sourceTree = "<group>";
		};
		DB1CBA8EA4234B17CB1F1606 /* Pods */ = {
			isa = PBXGroup;
			children = (
				98F31FFF0E4C82400BBC6151 /* Pods-VitraCashiOSDemo.debug.xcconfig */,
				D3948CF81D59FBE332AF07A2 /* Pods-VitraCashiOSDemo.release.xcconfig */,
			);
			path = Pods;
			sourceTree = "<group>";
		};
/* End PBXGroup section */

/* Begin PBXNativeTarget section */
		187CC22926FE222400B714C9 /* VitraCashiOSDemo */ = {
			isa = PBXNativeTarget;
			buildConfigurationList = 187CC23E26FE222500B714C9 /* Build configuration list for PBXNativeTarget "VitraCashiOSDemo" */;
			buildPhases = (
				CE253490C39F1959B0E5209E /* [CP] Check Pods Manifest.lock */,
				187CC22626FE222400B714C9 /* Sources */,
				187CC22726FE222400B714C9 /* Frameworks */,
				187CC22826FE222400B714C9 /* Resources */,
				0942D3146A03D756583A0AB6 /* [CP] Embed Pods Frameworks */,
			);
			buildRules = (
			);
			dependencies = (
			);
			name = VitraCashiOSDemo;
			productName = VitraCashiOSDemo;
			productReference = 187CC22A26FE222400B714C9 /* VitraCashiOSDemo.app */;
			productType = "com.apple.product-type.application";
		};
/* End PBXNativeTarget section */

/* Begin PBXProject section */
		187CC22226FE222300B714C9 /* Project object */ = {
			isa = PBXProject;
			attributes = {
				LastSwiftUpdateCheck = 1210;
				LastUpgradeCheck = 1210;
				TargetAttributes = {
					187CC22926FE222400B714C9 = {
						CreatedOnToolsVersion = 12.1;
					};
				};
			};
			buildConfigurationList = 187CC22526FE222300B714C9 /* Build configuration list for PBXProject "VitraCashiOSDemo" */;
			compatibilityVersion = "Xcode 9.3";
			developmentRegion = en;
			hasScannedForEncodings = 0;
			knownRegions = (
				en,
				Base,
			);
			mainGroup = 187CC22126FE222300B714C9;
			productRefGroup = 187CC22B26FE222400B714C9 /* Products */;
			projectDirPath = "";
			projectRoot = "";
			targets = (
				187CC22926FE222400B714C9 /* VitraCashiOSDemo */,
			);
		};
/* End PBXProject section */

/* Begin PBXResourcesBuildPhase section */
		187CC22826FE222400B714C9 /* Resources */ = {
			isa = PBXResourcesBuildPhase;
			buildActionMask = 2147483647;
			files = (
				187CC23A26FE222500B714C9 /* LaunchScreen.storyboard in Resources */,
				187CC23726FE222500B714C9 /* Assets.xcassets in Resources */,
				187CC23526FE222400B714C9 /* Main.storyboard in Resources */,
			);
			runOnlyForDeploymentPostprocessing = 0;
		};
/* End PBXResourcesBuildPhase section */

/* Begin PBXShellScriptBuildPhase section */
		0942D3146A03D756583A0AB6 /* [CP] Embed Pods Frameworks */ = {
			isa = PBXShellScriptBuildPhase;
			buildActionMask = 2147483647;
			files = (
			);
			inputFileListPaths = (
				"${PODS_ROOT}/Target Support Files/Pods-VitraCashiOSDemo/Pods-VitraCashiOSDemo-frameworks-${CONFIGURATION}-input-files.xcfilelist",
			);
			name = "[CP] Embed Pods Frameworks";
			outputFileListPaths = (
				"${PODS_ROOT}/Target Support Files/Pods-VitraCashiOSDemo/Pods-VitraCashiOSDemo-frameworks-${CONFIGURATION}-output-files.xcfilelist",
			);
			runOnlyForDeploymentPostprocessing = 0;
			shellPath = /bin/sh;
			shellScript = "\"${PODS_ROOT}/Target Support Files/Pods-VitraCashiOSDemo/Pods-VitraCashiOSDemo-frameworks.sh\"\n";
			showEnvVarsInLog = 0;
		};
		CE253490C39F1959B0E5209E /* [CP] Check Pods Manifest.lock */ = {
			isa = PBXShellScriptBuildPhase;
			buildActionMask = 2147483647;
			files = (
			);
			inputFileListPaths = (
			);
			inputPaths = (
				"${PODS_PODFILE_DIR_PATH}/Podfile.lock",
				"${PODS_ROOT}/Manifest.lock",
			);
			name = "[CP] Check Pods Manifest.lock";
			outputFileListPaths = (
			);
			outputPaths = (
				"$(DERIVED_FILE_DIR)/Pods-VitraCashiOSDemo-checkManifestLockResult.txt",
			);
			runOnlyForDeploymentPostprocessing = 0;
			shellPath = /bin/sh;
			shellScript = "diff \"${PODS_PODFILE_DIR_PATH}/Podfile.lock\" \"${PODS_ROOT}/Manifest.lock\" > /dev/null\nif [ $? != 0 ] ; then\n    # print error to STDERR\n    echo \"error: The sandbox is not in sync with the Podfile.lock. Run 'pod install' or update your CocoaPods installation.\" >&2\n    exit 1\nfi\n# This output is used by Xcode 'outputs' to avoid re-running this script phase.\necho \"SUCCESS\" > \"${SCRIPT_OUTPUT_FILE_0}\"\n";
			showEnvVarsInLog = 0;
		};
/* End PBXShellScriptBuildPhase section */

/* Begin PBXSourcesBuildPhase section */
		187CC22626FE222400B714C9 /* Sources */ = {
			isa = PBXSourcesBuildPhase;
			buildActionMask = 2147483647;
			files = (
				187CC24F26FE23AE00B714C9 /* AFManager.swift in Sources */,
				187CC23226FE222400B714C9 /* ViewController.swift in Sources */,
				187CC22E26FE222400B714C9 /* AppDelegate.swift in Sources */,
				187CC23026FE222400B714C9 /* SceneDelegate.swift in Sources */,
			);
			runOnlyForDeploymentPostprocessing = 0;
		};
/* End PBXSourcesBuildPhase section */

/* Begin PBXVariantGroup section */
		187CC23326FE222400B714C9 /* Main.storyboard */ = {
			isa = PBXVariantGroup;
			children = (
				187CC23426FE222400B714C9 /* Base */,
			);
			name = Main.storyboard;
			sourceTree = "<group>";
		};
		187CC23826FE222500B714C9 /* LaunchScreen.storyboard */ = {
			isa = PBXVariantGroup;
			children = (
				187CC23926FE222500B714C9 /* Base */,
			);
			name = LaunchScreen.storyboard;
			sourceTree = "<group>";
		};
/* End PBXVariantGroup section */

/* Begin XCBuildConfiguration section */
		187CC23C26FE222500B714C9 /* Debug */ = {
			isa = XCBuildConfiguration;
			buildSettings = {
				ALWAYS_SEARCH_USER_PATHS = NO;
				CLANG_ANALYZER_NONNULL = YES;
				CLANG_ANALYZER_NUMBER_OBJECT_CONVERSION = YES_AGGRESSIVE;
				CLANG_CXX_LANGUAGE_STANDARD = "gnu++14";
				CLANG_CXX_LIBRARY = "libc++";
				CLANG_ENABLE_MODULES = YES;
				CLANG_ENABLE_OBJC_ARC = YES;
				CLANG_ENABLE_OBJC_WEAK = YES;
				CLANG_WARN_BLOCK_CAPTURE_AUTORELEASING = YES;
				CLANG_WARN_BOOL_CONVERSION = YES;
				CLANG_WARN_COMMA = YES;
				CLANG_WARN_CONSTANT_CONVERSION = YES;
				CLANG_WARN_DEPRECATED_OBJC_IMPLEMENTATIONS = YES;
				CLANG_WARN_DIRECT_OBJC_ISA_USAGE = YES_ERROR;
				CLANG_WARN_DOCUMENTATION_COMMENTS = YES;
				CLANG_WARN_EMPTY_BODY = YES;
				CLANG_WARN_ENUM_CONVERSION = YES;
				CLANG_WARN_INFINITE_RECURSION = YES;
				CLANG_WARN_INT_CONVERSION = YES;
				CLANG_WARN_NON_LITERAL_NULL_CONVERSION = YES;
				CLANG_WARN_OBJC_IMPLICIT_RETAIN_SELF = YES;
				CLANG_WARN_OBJC_LITERAL_CONVERSION = YES;
				CLANG_WARN_OBJC_ROOT_CLASS = YES_ERROR;
				CLANG_WARN_QUOTED_INCLUDE_IN_FRAMEWORK_HEADER = YES;
				CLANG_WARN_RANGE_LOOP_ANALYSIS = YES;
				CLANG_WARN_STRICT_PROTOTYPES = YES;
				CLANG_WARN_SUSPICIOUS_MOVE = YES;
				CLANG_WARN_UNGUARDED_AVAILABILITY = YES_AGGRESSIVE;
				CLANG_WARN_UNREACHABLE_CODE = YES;
				CLANG_WARN__DUPLICATE_METHOD_MATCH = YES;
				COPY_PHASE_STRIP = NO;
				DEBUG_INFORMATION_FORMAT = dwarf;
				ENABLE_STRICT_OBJC_MSGSEND = YES;
				ENABLE_TESTABILITY = YES;
				GCC_C_LANGUAGE_STANDARD = gnu11;
				GCC_DYNAMIC_NO_PIC = NO;
				GCC_NO_COMMON_BLOCKS = YES;
				GCC_OPTIMIZATION_LEVEL = 0;
				GCC_PREPROCESSOR_DEFINITIONS = (
					"DEBUG=1",
					"$(inherited)",
				);
				GCC_WARN_64_TO_32_BIT_CONVERSION = YES;
				GCC_WARN_ABOUT_RETURN_TYPE = YES_ERROR;
				GCC_WARN_UNDECLARED_SELECTOR = YES;
				GCC_WARN_UNINITIALIZED_AUTOS = YES_AGGRESSIVE;
				GCC_WARN_UNUSED_FUNCTION = YES;
				GCC_WARN_UNUSED_VARIABLE = YES;
				IPHONEOS_DEPLOYMENT_TARGET = 14.1;
				MTL_ENABLE_DEBUG_INFO = INCLUDE_SOURCE;
				MTL_FAST_MATH = YES;
				ONLY_ACTIVE_ARCH = YES;
				SDKROOT = iphoneos;
				SWIFT_ACTIVE_COMPILATION_CONDITIONS = DEBUG;
				SWIFT_OPTIMIZATION_LEVEL = "-Onone";
			};
			name = Debug;
		};
		187CC23D26FE222500B714C9 /* Release */ = {
			isa = XCBuildConfiguration;
			buildSettings = {
				ALWAYS_SEARCH_USER_PATHS = NO;
				CLANG_ANALYZER_NONNULL = YES;
				CLANG_ANALYZER_NUMBER_OBJECT_CONVERSION = YES_AGGRESSIVE;
				CLANG_CXX_LANGUAGE_STANDARD = "gnu++14";
				CLANG_CXX_LIBRARY = "libc++";
				CLANG_ENABLE_MODULES = YES;
				CLANG_ENABLE_OBJC_ARC = YES;
				CLANG_ENABLE_OBJC_WEAK = YES;
				CLANG_WARN_BLOCK_CAPTURE_AUTORELEASING = YES;
				CLANG_WARN_BOOL_CONVERSION = YES;
				CLANG_WARN_COMMA = YES;
				CLANG_WARN_CONSTANT_CONVERSION = YES;
				CLANG_WARN_DEPRECATED_OBJC_IMPLEMENTATIONS = YES;
				CLANG_WARN_DIRECT_OBJC_ISA_USAGE = YES_ERROR;
				CLANG_WARN_DOCUMENTATION_COMMENTS = YES;
				CLANG_WARN_EMPTY_BODY = YES;
				CLANG_WARN_ENUM_CONVERSION = YES;
				CLANG_WARN_INFINITE_RECURSION = YES;
				CLANG_WARN_INT_CONVERSION = YES;
				CLANG_WARN_NON_LITERAL_NULL_CONVERSION = YES;
				CLANG_WARN_OBJC_IMPLICIT_RETAIN_SELF = YES;
				CLANG_WARN_OBJC_LITERAL_CONVERSION = YES;
				CLANG_WARN_OBJC_ROOT_CLASS = YES_ERROR;
				CLANG_WARN_QUOTED_INCLUDE_IN_FRAMEWORK_HEADER = YES;
				CLANG_WARN_RANGE_LOOP_ANALYSIS = YES;
				CLANG_WARN_STRICT_PROTOTYPES = YES;
				CLANG_WARN_SUSPICIOUS_MOVE = YES;
				CLANG_WARN_UNGUARDED_AVAILABILITY = YES_AGGRESSIVE;
				CLANG_WARN_UNREACHABLE_CODE = YES;
				CLANG_WARN__DUPLICATE_METHOD_MATCH = YES;
				COPY_PHASE_STRIP = NO;
				DEBUG_INFORMATION_FORMAT = "dwarf-with-dsym";
				ENABLE_NS_ASSERTIONS = NO;
				ENABLE_STRICT_OBJC_MSGSEND = YES;
				GCC_C_LANGUAGE_STANDARD = gnu11;
				GCC_NO_COMMON_BLOCKS = YES;
				GCC_WARN_64_TO_32_BIT_CONVERSION = YES;
				GCC_WARN_ABOUT_RETURN_TYPE = YES_ERROR;
				GCC_WARN_UNDECLARED_SELECTOR = YES;
				GCC_WARN_UNINITIALIZED_AUTOS = YES_AGGRESSIVE;
				GCC_WARN_UNUSED_FUNCTION = YES;
				GCC_WARN_UNUSED_VARIABLE = YES;
				IPHONEOS_DEPLOYMENT_TARGET = 14.1;
				MTL_ENABLE_DEBUG_INFO = NO;
				MTL_FAST_MATH = YES;
				SDKROOT = iphoneos;
				SWIFT_COMPILATION_MODE = wholemodule;
				SWIFT_OPTIMIZATION_LEVEL = "-O";
				VALIDATE_PRODUCT = YES;
			};
			name = Release;
		};
		187CC23F26FE222500B714C9 /* Debug */ = {
			isa = XCBuildConfiguration;
			baseConfigurationReference = 98F31FFF0E4C82400BBC6151 /* Pods-VitraCashiOSDemo.debug.xcconfig */;
			buildSettings = {
				ASSETCATALOG_COMPILER_APPICON_NAME = AppIcon;
				ASSETCATALOG_COMPILER_GLOBAL_ACCENT_COLOR_NAME = AccentColor;
				CODE_SIGN_STYLE = Automatic;
				INFOPLIST_FILE = VitraCashiOSDemo/Info.plist;
				LD_RUNPATH_SEARCH_PATHS = (
					"$(inherited)",
					"@executable_path/Frameworks",
				);
				PRODUCT_BUNDLE_IDENTIFIER = com.syed.ali.VitraCashiOSDemo;
				PRODUCT_NAME = "$(TARGET_NAME)";
				SWIFT_VERSION = 5.0;
				TARGETED_DEVICE_FAMILY = "1,2";
			};
			name = Debug;
		};
		187CC24026FE222500B714C9 /* Release */ = {
			isa = XCBuildConfiguration;
			baseConfigurationReference = D3948CF81D59FBE332AF07A2 /* Pods-VitraCashiOSDemo.release.xcconfig */;
			buildSettings = {
				ASSETCATALOG_COMPILER_APPICON_NAME = AppIcon;
				ASSETCATALOG_COMPILER_GLOBAL_ACCENT_COLOR_NAME = AccentColor;
				CODE_SIGN_STYLE = Automatic;
				INFOPLIST_FILE = VitraCashiOSDemo/Info.plist;
				LD_RUNPATH_SEARCH_PATHS = (
					"$(inherited)",
					"@executable_path/Frameworks",
				);
				PRODUCT_BUNDLE_IDENTIFIER = com.syed.ali.VitraCashiOSDemo;
				PRODUCT_NAME = "$(TARGET_NAME)";
				SWIFT_VERSION = 5.0;
				TARGETED_DEVICE_FAMILY = "1,2";
			};
			name = Release;
		};
/* End XCBuildConfiguration section */

/* Begin XCConfigurationList section */
		187CC22526FE222300B714C9 /* Build configuration list for PBXProject "VitraCashiOSDemo" */ = {
			isa = XCConfigurationList;
			buildConfigurations = (
				187CC23C26FE222500B714C9 /* Debug */,
				187CC23D26FE222500B714C9 /* Release */,
			);
			defaultConfigurationIsVisible = 0;
			defaultConfigurationName = Release;
		};
		187CC23E26FE222500B714C9 /* Build configuration list for PBXNativeTarget "VitraCashiOSDemo" */ = {
			isa = XCConfigurationList;
			buildConfigurations = (
				187CC23F26FE222500B714C9 /* Debug */,
				187CC24026FE222500B714C9 /* Release */,
			);
			defaultConfigurationIsVisible = 0;
			defaultConfigurationName = Release;
		};
/* End XCConfigurationList section */
	};
	rootObject = 187CC22226FE222300B714C9 /* Project object */;
}
